{
  "version": 4,
  "terraform_version": "1.7.5",
  "serial": 186,
  "lineage": "dc60487c-1cb5-ecdb-43ad-b892df037ae7",
  "outputs": {},
  "resources": [
    {
      "mode": "managed",
      "type": "azurerm_availability_set",
      "name": "avilset",
      "provider": "provider[\"registry.terraform.io/hashicorp/azurerm\"]",
      "instances": [
        {
          "schema_version": 0,
          "attributes": {
            "id": "/subscriptions/fc843062-d48e-4f02-b2a0-e1dc14d32e6b/resourceGroups/Rg-11/providers/Microsoft.Compute/availabilitySets/avset1",
            "location": "eastus",
            "managed": true,
            "name": "avset1",
            "platform_fault_domain_count": 3,
            "platform_update_domain_count": 5,
            "proximity_placement_group_id": null,
            "resource_group_name": "Rg-11",
            "tags": {},
            "timeouts": null
          },
          "sensitive_attributes": [],
          "private": "eyJlMmJmYjczMC1lY2FhLTExZTYtOGY4OC0zNDM2M2JjN2M0YzAiOnsiY3JlYXRlIjoxODAwMDAwMDAwMDAwLCJkZWxldGUiOjE4MDAwMDAwMDAwMDAsInJlYWQiOjMwMDAwMDAwMDAwMCwidXBkYXRlIjoxODAwMDAwMDAwMDAwfX0=",
          "dependencies": [
            "azurerm_resource_group.Rg11"
          ]
        }
      ]
    },
    {
      "mode": "managed",
      "type": "azurerm_lb",
      "name": "ALB",
      "provider": "provider[\"registry.terraform.io/hashicorp/azurerm\"]",
      "instances": [
        {
          "schema_version": 0,
          "attributes": {
            "edge_zone": "",
            "frontend_ip_configuration": [
              {
                "gateway_load_balancer_frontend_ip_configuration_id": "",
                "id": "/subscriptions/fc843062-d48e-4f02-b2a0-e1dc14d32e6b/resourceGroups/Rg-11/providers/Microsoft.Network/loadBalancers/var.alb-name/frontendIPConfigurations/var.fip-name",
                "inbound_nat_rules": [],
                "load_balancer_rules": [
                  "/subscriptions/fc843062-d48e-4f02-b2a0-e1dc14d32e6b/resourceGroups/Rg-11/providers/Microsoft.Network/loadBalancers/var.alb-name/loadBalancingRules/LBRule"
                ],
                "name": "var.fip-name",
                "outbound_rules": [],
                "private_ip_address": "",
                "private_ip_address_allocation": "Dynamic",
                "private_ip_address_version": "",
                "public_ip_address_id": "/subscriptions/fc843062-d48e-4f02-b2a0-e1dc14d32e6b/resourceGroups/Rg-11/providers/Microsoft.Network/publicIPAddresses/var.pip-name1",
                "public_ip_prefix_id": "",
                "subnet_id": "",
                "zones": []
              }
            ],
            "id": "/subscriptions/fc843062-d48e-4f02-b2a0-e1dc14d32e6b/resourceGroups/Rg-11/providers/Microsoft.Network/loadBalancers/var.alb-name",
            "location": "eastus",
            "name": "var.alb-name",
            "private_ip_address": "",
            "private_ip_addresses": [],
            "resource_group_name": "Rg-11",
            "sku": "Basic",
            "sku_tier": "Regional",
            "tags": {},
            "timeouts": null
          },
          "sensitive_attributes": [],
          "private": "eyJlMmJmYjczMC1lY2FhLTExZTYtOGY4OC0zNDM2M2JjN2M0YzAiOnsiY3JlYXRlIjoxODAwMDAwMDAwMDAwLCJkZWxldGUiOjE4MDAwMDAwMDAwMDAsInJlYWQiOjMwMDAwMDAwMDAwMCwidXBkYXRlIjoxODAwMDAwMDAwMDAwfX0=",
          "dependencies": [
            "azurerm_public_ip.PIP-01",
            "azurerm_resource_group.Rg11"
          ]
        }
      ]
    },
    {
      "mode": "managed",
      "type": "azurerm_lb_backend_address_pool",
      "name": "Bpool",
      "provider": "provider[\"registry.terraform.io/hashicorp/azurerm\"]",
      "instances": [
        {
          "schema_version": 0,
          "attributes": {
            "backend_ip_configurations": [
              "/subscriptions/fc843062-d48e-4f02-b2a0-e1dc14d32e6b/resourceGroups/Rg-11/providers/Microsoft.Network/networkInterfaces/vm-nic/ipConfigurations/internal",
              "/subscriptions/fc843062-d48e-4f02-b2a0-e1dc14d32e6b/resourceGroups/Rg-11/providers/Microsoft.Network/networkInterfaces/vm-nic1/ipConfigurations/internal"
            ],
            "id": "/subscriptions/fc843062-d48e-4f02-b2a0-e1dc14d32e6b/resourceGroups/Rg-11/providers/Microsoft.Network/loadBalancers/var.alb-name/backendAddressPools/Bpool",
            "inbound_nat_rules": [],
            "load_balancing_rules": [
              "/subscriptions/fc843062-d48e-4f02-b2a0-e1dc14d32e6b/resourceGroups/Rg-11/providers/Microsoft.Network/loadBalancers/var.alb-name/loadBalancingRules/LBRule"
            ],
            "loadbalancer_id": "/subscriptions/fc843062-d48e-4f02-b2a0-e1dc14d32e6b/resourceGroups/Rg-11/providers/Microsoft.Network/loadBalancers/var.alb-name",
            "name": "Bpool",
            "outbound_rules": [],
            "timeouts": null,
            "tunnel_interface": [],
            "virtual_network_id": ""
          },
          "sensitive_attributes": [],
          "private": "eyJlMmJmYjczMC1lY2FhLTExZTYtOGY4OC0zNDM2M2JjN2M0YzAiOnsiY3JlYXRlIjoxODAwMDAwMDAwMDAwLCJkZWxldGUiOjE4MDAwMDAwMDAwMDAsInJlYWQiOjMwMDAwMDAwMDAwMCwidXBkYXRlIjoxODAwMDAwMDAwMDAwfX0=",
          "dependencies": [
            "azurerm_availability_set.avilset",
            "azurerm_lb.ALB",
            "azurerm_public_ip.PIP-01",
            "azurerm_resource_group.Rg11"
          ]
        }
      ]
    },
    {
      "mode": "managed",
      "type": "azurerm_lb_probe",
      "name": "HP",
      "provider": "provider[\"registry.terraform.io/hashicorp/azurerm\"]",
      "instances": [
        {
          "schema_version": 0,
          "attributes": {
            "id": "/subscriptions/fc843062-d48e-4f02-b2a0-e1dc14d32e6b/resourceGroups/Rg-11/providers/Microsoft.Network/loadBalancers/var.alb-name/probes/Hp-01",
            "interval_in_seconds": 15,
            "load_balancer_rules": [
              "/subscriptions/fc843062-d48e-4f02-b2a0-e1dc14d32e6b/resourceGroups/Rg-11/providers/Microsoft.Network/loadBalancers/var.alb-name/loadBalancingRules/LBRule"
            ],
            "loadbalancer_id": "/subscriptions/fc843062-d48e-4f02-b2a0-e1dc14d32e6b/resourceGroups/Rg-11/providers/Microsoft.Network/loadBalancers/var.alb-name",
            "name": "Hp-01",
            "number_of_probes": 2,
            "port": 80,
            "probe_threshold": 1,
            "protocol": "Tcp",
            "request_path": "",
            "timeouts": null
          },
          "sensitive_attributes": [],
          "private": "eyJlMmJmYjczMC1lY2FhLTExZTYtOGY4OC0zNDM2M2JjN2M0YzAiOnsiY3JlYXRlIjoxODAwMDAwMDAwMDAwLCJkZWxldGUiOjE4MDAwMDAwMDAwMDAsInJlYWQiOjMwMDAwMDAwMDAwMCwidXBkYXRlIjoxODAwMDAwMDAwMDAwfX0=",
          "dependencies": [
            "azurerm_availability_set.avilset",
            "azurerm_lb.ALB",
            "azurerm_public_ip.PIP-01",
            "azurerm_resource_group.Rg11"
          ]
        }
      ]
    },
    {
      "mode": "managed",
      "type": "azurerm_linux_virtual_machine",
      "name": "my_terraform_vm",
      "provider": "provider[\"registry.terraform.io/hashicorp/azurerm\"]",
      "instances": [
        {
          "schema_version": 0,
          "attributes": {
            "additional_capabilities": [],
            "admin_password": "Password@123",
            "admin_ssh_key": [],
            "admin_username": "azradmin",
            "allow_extension_operations": true,
            "availability_set_id": "/subscriptions/fc843062-d48e-4f02-b2a0-e1dc14d32e6b/resourceGroups/Rg-11/providers/Microsoft.Compute/availabilitySets/AVSET1",
            "boot_diagnostics": [],
            "bypass_platform_safety_checks_on_user_schedule_enabled": false,
            "capacity_reservation_group_id": "",
            "computer_name": "hostname",
            "custom_data": null,
            "dedicated_host_group_id": "",
            "dedicated_host_id": "",
            "disable_password_authentication": false,
            "disk_controller_type": "SCSI",
            "edge_zone": "",
            "encryption_at_host_enabled": false,
            "eviction_policy": "",
            "extensions_time_budget": "PT1H30M",
            "gallery_application": [],
            "id": "/subscriptions/fc843062-d48e-4f02-b2a0-e1dc14d32e6b/resourceGroups/Rg-11/providers/Microsoft.Compute/virtualMachines/myVM",
            "identity": [],
            "license_type": "",
            "location": "eastus",
            "max_bid_price": -1,
            "name": "myVM",
            "network_interface_ids": [
              "/subscriptions/fc843062-d48e-4f02-b2a0-e1dc14d32e6b/resourceGroups/Rg-11/providers/Microsoft.Network/networkInterfaces/vm-nic"
            ],
            "os_disk": [
              {
                "caching": "ReadWrite",
                "diff_disk_settings": [],
                "disk_encryption_set_id": "",
                "disk_size_gb": 30,
                "name": "myOsDisk",
                "secure_vm_disk_encryption_set_id": "",
                "security_encryption_type": "",
                "storage_account_type": "Premium_LRS",
                "write_accelerator_enabled": false
              }
            ],
            "os_image_notification": [],
            "patch_assessment_mode": "ImageDefault",
            "patch_mode": "ImageDefault",
            "plan": [],
            "platform_fault_domain": -1,
            "priority": "Regular",
            "private_ip_address": "10.1.1.4",
            "private_ip_addresses": [
              "10.1.1.4"
            ],
            "provision_vm_agent": true,
            "proximity_placement_group_id": "",
            "public_ip_address": "40.114.93.121",
            "public_ip_addresses": [
              "40.114.93.121"
            ],
            "reboot_setting": "",
            "resource_group_name": "Rg-11",
            "secret": [],
            "secure_boot_enabled": false,
            "size": "Standard_B1s",
            "source_image_id": "",
            "source_image_reference": [
              {
                "offer": "0001-com-ubuntu-server-jammy",
                "publisher": "Canonical",
                "sku": "22_04-lts-gen2",
                "version": "latest"
              }
            ],
            "tags": {},
            "termination_notification": [],
            "timeouts": null,
            "user_data": "",
            "virtual_machine_id": "b82eb0d9-bde9-4f8e-9c8e-d06320d3006d",
            "virtual_machine_scale_set_id": "",
            "vm_agent_platform_updates_enabled": false,
            "vtpm_enabled": false,
            "zone": ""
          },
          "sensitive_attributes": [],
          "private": "eyJlMmJmYjczMC1lY2FhLTExZTYtOGY4OC0zNDM2M2JjN2M0YzAiOnsiY3JlYXRlIjoyNzAwMDAwMDAwMDAwLCJkZWxldGUiOjI3MDAwMDAwMDAwMDAsInJlYWQiOjMwMDAwMDAwMDAwMCwidXBkYXRlIjoyNzAwMDAwMDAwMDAwfX0=",
          "dependencies": [
            "azurerm_availability_set.avilset",
            "azurerm_network_interface.nic",
            "azurerm_public_ip.public",
            "azurerm_resource_group.Rg11",
            "azurerm_subnet.subnet1",
            "azurerm_virtual_network.vnet"
          ]
        }
      ]
    },
    {
      "mode": "managed",
      "type": "azurerm_linux_virtual_machine",
      "name": "vmy_terraform_vm1",
      "provider": "provider[\"registry.terraform.io/hashicorp/azurerm\"]",
      "instances": [
        {
          "schema_version": 0,
          "attributes": {
            "additional_capabilities": [],
            "admin_password": "Password@123",
            "admin_ssh_key": [],
            "admin_username": "azradmin",
            "allow_extension_operations": true,
            "availability_set_id": "/subscriptions/fc843062-d48e-4f02-b2a0-e1dc14d32e6b/resourceGroups/Rg-11/providers/Microsoft.Compute/availabilitySets/AVSET1",
            "boot_diagnostics": [],
            "bypass_platform_safety_checks_on_user_schedule_enabled": false,
            "capacity_reservation_group_id": "",
            "computer_name": "hostname",
            "custom_data": null,
            "dedicated_host_group_id": "",
            "dedicated_host_id": "",
            "disable_password_authentication": false,
            "disk_controller_type": "SCSI",
            "edge_zone": "",
            "encryption_at_host_enabled": false,
            "eviction_policy": "",
            "extensions_time_budget": "PT1H30M",
            "gallery_application": [],
            "id": "/subscriptions/fc843062-d48e-4f02-b2a0-e1dc14d32e6b/resourceGroups/Rg-11/providers/Microsoft.Compute/virtualMachines/myVM2",
            "identity": [],
            "license_type": "",
            "location": "eastus",
            "max_bid_price": -1,
            "name": "myVM2",
            "network_interface_ids": [
              "/subscriptions/fc843062-d48e-4f02-b2a0-e1dc14d32e6b/resourceGroups/Rg-11/providers/Microsoft.Network/networkInterfaces/vm-nic1"
            ],
            "os_disk": [
              {
                "caching": "ReadWrite",
                "diff_disk_settings": [],
                "disk_encryption_set_id": "",
                "disk_size_gb": 30,
                "name": "myOsDisk1",
                "secure_vm_disk_encryption_set_id": "",
                "security_encryption_type": "",
                "storage_account_type": "Premium_LRS",
                "write_accelerator_enabled": false
              }
            ],
            "os_image_notification": [],
            "patch_assessment_mode": "ImageDefault",
            "patch_mode": "ImageDefault",
            "plan": [],
            "platform_fault_domain": -1,
            "priority": "Regular",
            "private_ip_address": "10.1.2.4",
            "private_ip_addresses": [
              "10.1.2.4"
            ],
            "provision_vm_agent": true,
            "proximity_placement_group_id": "",
            "public_ip_address": "40.114.93.88",
            "public_ip_addresses": [
              "40.114.93.88"
            ],
            "reboot_setting": "",
            "resource_group_name": "Rg-11",
            "secret": [],
            "secure_boot_enabled": false,
            "size": "Standard_B1s",
            "source_image_id": "",
            "source_image_reference": [
              {
                "offer": "0001-com-ubuntu-server-jammy",
                "publisher": "Canonical",
                "sku": "22_04-lts-gen2",
                "version": "latest"
              }
            ],
            "tags": {},
            "termination_notification": [],
            "timeouts": null,
            "user_data": "",
            "virtual_machine_id": "13ecf6cf-0f69-4209-a0d6-d381be261aa3",
            "virtual_machine_scale_set_id": "",
            "vm_agent_platform_updates_enabled": false,
            "vtpm_enabled": false,
            "zone": ""
          },
          "sensitive_attributes": [],
          "private": "eyJlMmJmYjczMC1lY2FhLTExZTYtOGY4OC0zNDM2M2JjN2M0YzAiOnsiY3JlYXRlIjoyNzAwMDAwMDAwMDAwLCJkZWxldGUiOjI3MDAwMDAwMDAwMDAsInJlYWQiOjMwMDAwMDAwMDAwMCwidXBkYXRlIjoyNzAwMDAwMDAwMDAwfX0=",
          "dependencies": [
            "azurerm_availability_set.avilset",
            "azurerm_network_interface.nic",
            "azurerm_network_interface.nic1",
            "azurerm_network_security_group.NSG",
            "azurerm_public_ip.public",
            "azurerm_public_ip.public1",
            "azurerm_resource_group.Rg11",
            "azurerm_subnet.subnet1",
            "azurerm_subnet.subnet2",
            "azurerm_subnet_network_security_group_association.example",
            "azurerm_subnet_network_security_group_association.example2",
            "azurerm_virtual_network.vnet"
          ]
        }
      ]
    },
    {
      "mode": "managed",
      "type": "azurerm_network_interface",
      "name": "nic",
      "provider": "provider[\"registry.terraform.io/hashicorp/azurerm\"]",
      "instances": [
        {
          "schema_version": 0,
          "attributes": {
            "applied_dns_servers": [],
            "auxiliary_mode": "",
            "auxiliary_sku": "",
            "dns_servers": [],
            "edge_zone": "",
            "enable_accelerated_networking": false,
            "enable_ip_forwarding": false,
            "id": "/subscriptions/fc843062-d48e-4f02-b2a0-e1dc14d32e6b/resourceGroups/Rg-11/providers/Microsoft.Network/networkInterfaces/vm-nic",
            "internal_dns_name_label": "",
            "internal_domain_name_suffix": "",
            "ip_configuration": [
              {
                "gateway_load_balancer_frontend_ip_configuration_id": "",
                "name": "internal",
                "primary": true,
                "private_ip_address": "10.1.1.4",
                "private_ip_address_allocation": "Dynamic",
                "private_ip_address_version": "IPv4",
                "public_ip_address_id": "/subscriptions/fc843062-d48e-4f02-b2a0-e1dc14d32e6b/resourceGroups/Rg-11/providers/Microsoft.Network/publicIPAddresses/standardpubip",
                "subnet_id": "/subscriptions/fc843062-d48e-4f02-b2a0-e1dc14d32e6b/resourceGroups/Rg-11/providers/Microsoft.Network/virtualNetworks/vnet01/subnets/sub1"
              }
            ],
            "location": "eastus",
            "mac_address": "00-22-48-2E-D2-44",
            "name": "vm-nic",
            "private_ip_address": "10.1.1.4",
            "private_ip_addresses": [
              "10.1.1.4"
            ],
            "resource_group_name": "Rg-11",
            "tags": {},
            "timeouts": null,
            "virtual_machine_id": "/subscriptions/fc843062-d48e-4f02-b2a0-e1dc14d32e6b/resourceGroups/Rg-11/providers/Microsoft.Compute/virtualMachines/myVM"
          },
          "sensitive_attributes": [],
          "private": "eyJlMmJmYjczMC1lY2FhLTExZTYtOGY4OC0zNDM2M2JjN2M0YzAiOnsiY3JlYXRlIjoxODAwMDAwMDAwMDAwLCJkZWxldGUiOjE4MDAwMDAwMDAwMDAsInJlYWQiOjMwMDAwMDAwMDAwMCwidXBkYXRlIjoxODAwMDAwMDAwMDAwfX0=",
          "dependencies": [
            "azurerm_public_ip.public",
            "azurerm_resource_group.Rg11",
            "azurerm_subnet.subnet1",
            "azurerm_virtual_network.vnet"
          ]
        }
      ]
    },
    {
      "mode": "managed",
      "type": "azurerm_network_interface",
      "name": "nic1",
      "provider": "provider[\"registry.terraform.io/hashicorp/azurerm\"]",
      "instances": [
        {
          "schema_version": 0,
          "attributes": {
            "applied_dns_servers": [],
            "auxiliary_mode": "",
            "auxiliary_sku": "",
            "dns_servers": [],
            "edge_zone": "",
            "enable_accelerated_networking": false,
            "enable_ip_forwarding": false,
            "id": "/subscriptions/fc843062-d48e-4f02-b2a0-e1dc14d32e6b/resourceGroups/Rg-11/providers/Microsoft.Network/networkInterfaces/vm-nic1",
            "internal_dns_name_label": "",
            "internal_domain_name_suffix": "a3nxx52omwluxnpnzzsn4z1lch.bx.internal.cloudapp.net",
            "ip_configuration": [
              {
                "gateway_load_balancer_frontend_ip_configuration_id": "",
                "name": "internal",
                "primary": true,
                "private_ip_address": "10.1.2.4",
                "private_ip_address_allocation": "Dynamic",
                "private_ip_address_version": "IPv4",
                "public_ip_address_id": "/subscriptions/fc843062-d48e-4f02-b2a0-e1dc14d32e6b/resourceGroups/Rg-11/providers/Microsoft.Network/publicIPAddresses/standardpubip2",
                "subnet_id": "/subscriptions/fc843062-d48e-4f02-b2a0-e1dc14d32e6b/resourceGroups/Rg-11/providers/Microsoft.Network/virtualNetworks/vnet01/subnets/sub2"
              }
            ],
            "location": "eastus",
            "mac_address": "00-22-48-29-45-72",
            "name": "vm-nic1",
            "private_ip_address": "10.1.2.4",
            "private_ip_addresses": [
              "10.1.2.4"
            ],
            "resource_group_name": "Rg-11",
            "tags": {},
            "timeouts": null,
            "virtual_machine_id": "/subscriptions/fc843062-d48e-4f02-b2a0-e1dc14d32e6b/resourceGroups/Rg-11/providers/Microsoft.Compute/virtualMachines/myVM2"
          },
          "sensitive_attributes": [],
          "private": "eyJlMmJmYjczMC1lY2FhLTExZTYtOGY4OC0zNDM2M2JjN2M0YzAiOnsiY3JlYXRlIjoxODAwMDAwMDAwMDAwLCJkZWxldGUiOjE4MDAwMDAwMDAwMDAsInJlYWQiOjMwMDAwMDAwMDAwMCwidXBkYXRlIjoxODAwMDAwMDAwMDAwfX0=",
          "dependencies": [
            "azurerm_network_interface.nic",
            "azurerm_public_ip.public",
            "azurerm_public_ip.public1",
            "azurerm_resource_group.Rg11",
            "azurerm_subnet.subnet1",
            "azurerm_subnet.subnet2",
            "azurerm_virtual_network.vnet"
          ]
        }
      ]
    },
    {
      "mode": "managed",
      "type": "azurerm_network_interface_backend_address_pool_association",
      "name": "BP-01",
      "provider": "provider[\"registry.terraform.io/hashicorp/azurerm\"]",
      "instances": [
        {
          "schema_version": 0,
          "attributes": {
            "backend_address_pool_id": "/subscriptions/fc843062-d48e-4f02-b2a0-e1dc14d32e6b/resourceGroups/Rg-11/providers/Microsoft.Network/loadBalancers/var.alb-name/backendAddressPools/Bpool",
            "id": "/subscriptions/fc843062-d48e-4f02-b2a0-e1dc14d32e6b/resourceGroups/Rg-11/providers/Microsoft.Network/networkInterfaces/vm-nic/ipConfigurations/internal|/subscriptions/fc843062-d48e-4f02-b2a0-e1dc14d32e6b/resourceGroups/Rg-11/providers/Microsoft.Network/loadBalancers/var.alb-name/backendAddressPools/Bpool",
            "ip_configuration_name": "internal",
            "network_interface_id": "/subscriptions/fc843062-d48e-4f02-b2a0-e1dc14d32e6b/resourceGroups/Rg-11/providers/Microsoft.Network/networkInterfaces/vm-nic",
            "timeouts": null
          },
          "sensitive_attributes": [],
          "private": "eyJlMmJmYjczMC1lY2FhLTExZTYtOGY4OC0zNDM2M2JjN2M0YzAiOnsiY3JlYXRlIjoxODAwMDAwMDAwMDAwLCJkZWxldGUiOjE4MDAwMDAwMDAwMDAsInJlYWQiOjMwMDAwMDAwMDAwMH19",
          "dependencies": [
            "azurerm_availability_set.avilset",
            "azurerm_lb.ALB",
            "azurerm_lb_backend_address_pool.Bpool",
            "azurerm_network_interface.nic",
            "azurerm_public_ip.PIP-01",
            "azurerm_public_ip.public",
            "azurerm_resource_group.Rg11",
            "azurerm_subnet.subnet1",
            "azurerm_virtual_network.vnet"
          ]
        }
      ]
    },
    {
      "mode": "managed",
      "type": "azurerm_network_interface_backend_address_pool_association",
      "name": "BP-02",
      "provider": "provider[\"registry.terraform.io/hashicorp/azurerm\"]",
      "instances": [
        {
          "schema_version": 0,
          "attributes": {
            "backend_address_pool_id": "/subscriptions/fc843062-d48e-4f02-b2a0-e1dc14d32e6b/resourceGroups/Rg-11/providers/Microsoft.Network/loadBalancers/var.alb-name/backendAddressPools/Bpool",
            "id": "/subscriptions/fc843062-d48e-4f02-b2a0-e1dc14d32e6b/resourceGroups/Rg-11/providers/Microsoft.Network/networkInterfaces/vm-nic1/ipConfigurations/internal|/subscriptions/fc843062-d48e-4f02-b2a0-e1dc14d32e6b/resourceGroups/Rg-11/providers/Microsoft.Network/loadBalancers/var.alb-name/backendAddressPools/Bpool",
            "ip_configuration_name": "internal",
            "network_interface_id": "/subscriptions/fc843062-d48e-4f02-b2a0-e1dc14d32e6b/resourceGroups/Rg-11/providers/Microsoft.Network/networkInterfaces/vm-nic1",
            "timeouts": null
          },
          "sensitive_attributes": [],
          "private": "eyJlMmJmYjczMC1lY2FhLTExZTYtOGY4OC0zNDM2M2JjN2M0YzAiOnsiY3JlYXRlIjoxODAwMDAwMDAwMDAwLCJkZWxldGUiOjE4MDAwMDAwMDAwMDAsInJlYWQiOjMwMDAwMDAwMDAwMH19",
          "dependencies": [
            "azurerm_availability_set.avilset",
            "azurerm_lb.ALB",
            "azurerm_lb_backend_address_pool.Bpool",
            "azurerm_network_interface.nic",
            "azurerm_network_interface.nic1",
            "azurerm_network_interface_backend_address_pool_association.BP-01",
            "azurerm_public_ip.PIP-01",
            "azurerm_public_ip.public",
            "azurerm_public_ip.public1",
            "azurerm_resource_group.Rg11",
            "azurerm_subnet.subnet1",
            "azurerm_subnet.subnet2",
            "azurerm_virtual_network.vnet"
          ]
        }
      ]
    },
    {
      "mode": "managed",
      "type": "azurerm_network_security_group",
      "name": "NSG",
      "provider": "provider[\"registry.terraform.io/hashicorp/azurerm\"]",
      "instances": [
        {
          "schema_version": 0,
          "attributes": {
            "id": "/subscriptions/fc843062-d48e-4f02-b2a0-e1dc14d32e6b/resourceGroups/Rg-11/providers/Microsoft.Network/networkSecurityGroups/vm-nsg",
            "location": "eastus",
            "name": "vm-nsg",
            "resource_group_name": "Rg-11",
            "security_rule": [
              {
                "access": "Allow",
                "description": "",
                "destination_address_prefix": "*",
                "destination_address_prefixes": [],
                "destination_application_security_group_ids": [],
                "destination_port_range": "*",
                "destination_port_ranges": [],
                "direction": "Inbound",
                "name": "test123",
                "priority": 100,
                "protocol": "Tcp",
                "source_address_prefix": "*",
                "source_address_prefixes": [],
                "source_application_security_group_ids": [],
                "source_port_range": "*",
                "source_port_ranges": []
              }
            ],
            "tags": {},
            "timeouts": null
          },
          "sensitive_attributes": [],
          "private": "eyJlMmJmYjczMC1lY2FhLTExZTYtOGY4OC0zNDM2M2JjN2M0YzAiOnsiY3JlYXRlIjoxODAwMDAwMDAwMDAwLCJkZWxldGUiOjE4MDAwMDAwMDAwMDAsInJlYWQiOjMwMDAwMDAwMDAwMCwidXBkYXRlIjoxODAwMDAwMDAwMDAwfX0=",
          "dependencies": [
            "azurerm_network_interface.nic",
            "azurerm_public_ip.public",
            "azurerm_resource_group.Rg11",
            "azurerm_subnet.subnet1",
            "azurerm_virtual_network.vnet"
          ]
        }
      ]
    },
    {
      "mode": "managed",
      "type": "azurerm_public_ip",
      "name": "PIP-01",
      "provider": "provider[\"registry.terraform.io/hashicorp/azurerm\"]",
      "instances": [
        {
          "schema_version": 0,
          "attributes": {
            "allocation_method": "Static",
            "ddos_protection_mode": "VirtualNetworkInherited",
            "ddos_protection_plan_id": null,
            "domain_name_label": null,
            "edge_zone": "",
            "fqdn": null,
            "id": "/subscriptions/fc843062-d48e-4f02-b2a0-e1dc14d32e6b/resourceGroups/Rg-11/providers/Microsoft.Network/publicIPAddresses/var.pip-name1",
            "idle_timeout_in_minutes": 4,
            "ip_address": "40.114.94.102",
            "ip_tags": {},
            "ip_version": "IPv4",
            "location": "eastus",
            "name": "var.pip-name1",
            "public_ip_prefix_id": null,
            "resource_group_name": "Rg-11",
            "reverse_fqdn": null,
            "sku": "Basic",
            "sku_tier": "Regional",
            "tags": {},
            "timeouts": null,
            "zones": []
          },
          "sensitive_attributes": [],
          "private": "eyJlMmJmYjczMC1lY2FhLTExZTYtOGY4OC0zNDM2M2JjN2M0YzAiOnsiY3JlYXRlIjoxODAwMDAwMDAwMDAwLCJkZWxldGUiOjE4MDAwMDAwMDAwMDAsInJlYWQiOjMwMDAwMDAwMDAwMCwidXBkYXRlIjoxODAwMDAwMDAwMDAwfX0=",
          "dependencies": [
            "azurerm_resource_group.Rg11"
          ]
        }
      ]
    },
    {
      "mode": "managed",
      "type": "azurerm_public_ip",
      "name": "public",
      "provider": "provider[\"registry.terraform.io/hashicorp/azurerm\"]",
      "instances": [
        {
          "schema_version": 0,
          "attributes": {
            "allocation_method": "Static",
            "ddos_protection_mode": "VirtualNetworkInherited",
            "ddos_protection_plan_id": null,
            "domain_name_label": null,
            "edge_zone": "",
            "fqdn": null,
            "id": "/subscriptions/fc843062-d48e-4f02-b2a0-e1dc14d32e6b/resourceGroups/Rg-11/providers/Microsoft.Network/publicIPAddresses/standardpubip",
            "idle_timeout_in_minutes": 4,
            "ip_address": "40.114.93.121",
            "ip_tags": {},
            "ip_version": "IPv4",
            "location": "eastus",
            "name": "standardpubip",
            "public_ip_prefix_id": null,
            "resource_group_name": "Rg-11",
            "reverse_fqdn": null,
            "sku": "Basic",
            "sku_tier": "Regional",
            "tags": {},
            "timeouts": null,
            "zones": []
          },
          "sensitive_attributes": [],
          "private": "eyJlMmJmYjczMC1lY2FhLTExZTYtOGY4OC0zNDM2M2JjN2M0YzAiOnsiY3JlYXRlIjoxODAwMDAwMDAwMDAwLCJkZWxldGUiOjE4MDAwMDAwMDAwMDAsInJlYWQiOjMwMDAwMDAwMDAwMCwidXBkYXRlIjoxODAwMDAwMDAwMDAwfX0=",
          "dependencies": [
            "azurerm_resource_group.Rg11"
          ]
        }
      ]
    },
    {
      "mode": "managed",
      "type": "azurerm_public_ip",
      "name": "public1",
      "provider": "provider[\"registry.terraform.io/hashicorp/azurerm\"]",
      "instances": [
        {
          "schema_version": 0,
          "attributes": {
            "allocation_method": "Static",
            "ddos_protection_mode": "VirtualNetworkInherited",
            "ddos_protection_plan_id": null,
            "domain_name_label": null,
            "edge_zone": "",
            "fqdn": null,
            "id": "/subscriptions/fc843062-d48e-4f02-b2a0-e1dc14d32e6b/resourceGroups/Rg-11/providers/Microsoft.Network/publicIPAddresses/standardpubip2",
            "idle_timeout_in_minutes": 4,
            "ip_address": "40.114.93.88",
            "ip_tags": {},
            "ip_version": "IPv4",
            "location": "eastus",
            "name": "standardpubip2",
            "public_ip_prefix_id": null,
            "resource_group_name": "Rg-11",
            "reverse_fqdn": null,
            "sku": "Basic",
            "sku_tier": "Regional",
            "tags": {},
            "timeouts": null,
            "zones": []
          },
          "sensitive_attributes": [],
          "private": "eyJlMmJmYjczMC1lY2FhLTExZTYtOGY4OC0zNDM2M2JjN2M0YzAiOnsiY3JlYXRlIjoxODAwMDAwMDAwMDAwLCJkZWxldGUiOjE4MDAwMDAwMDAwMDAsInJlYWQiOjMwMDAwMDAwMDAwMCwidXBkYXRlIjoxODAwMDAwMDAwMDAwfX0=",
          "dependencies": [
            "azurerm_resource_group.Rg11"
          ]
        }
      ]
    },
    {
      "mode": "managed",
      "type": "azurerm_resource_group",
      "name": "Rg11",
      "provider": "provider[\"registry.terraform.io/hashicorp/azurerm\"]",
      "instances": [
        {
          "schema_version": 0,
          "attributes": {
            "id": "/subscriptions/fc843062-d48e-4f02-b2a0-e1dc14d32e6b/resourceGroups/Rg-11",
            "location": "eastus",
            "managed_by": "",
            "name": "Rg-11",
            "tags": {},
            "timeouts": null
          },
          "sensitive_attributes": [],
          "private": "eyJlMmJmYjczMC1lY2FhLTExZTYtOGY4OC0zNDM2M2JjN2M0YzAiOnsiY3JlYXRlIjo1NDAwMDAwMDAwMDAwLCJkZWxldGUiOjU0MDAwMDAwMDAwMDAsInJlYWQiOjMwMDAwMDAwMDAwMCwidXBkYXRlIjo1NDAwMDAwMDAwMDAwfX0="
        }
      ]
    },
    {
      "mode": "managed",
      "type": "azurerm_subnet",
      "name": "subnet1",
      "provider": "provider[\"registry.terraform.io/hashicorp/azurerm\"]",
      "instances": [
        {
          "schema_version": 0,
          "attributes": {
            "address_prefixes": [
              "10.1.1.0/24"
            ],
            "delegation": [],
            "enforce_private_link_endpoint_network_policies": false,
            "enforce_private_link_service_network_policies": false,
            "id": "/subscriptions/fc843062-d48e-4f02-b2a0-e1dc14d32e6b/resourceGroups/Rg-11/providers/Microsoft.Network/virtualNetworks/vnet01/subnets/sub1",
            "name": "sub1",
            "private_endpoint_network_policies_enabled": true,
            "private_link_service_network_policies_enabled": true,
            "resource_group_name": "Rg-11",
            "service_endpoint_policy_ids": [],
            "service_endpoints": [],
            "timeouts": null,
            "virtual_network_name": "vnet01"
          },
          "sensitive_attributes": [],
          "private": "eyJlMmJmYjczMC1lY2FhLTExZTYtOGY4OC0zNDM2M2JjN2M0YzAiOnsiY3JlYXRlIjoxODAwMDAwMDAwMDAwLCJkZWxldGUiOjE4MDAwMDAwMDAwMDAsInJlYWQiOjMwMDAwMDAwMDAwMCwidXBkYXRlIjoxODAwMDAwMDAwMDAwfX0=",
          "dependencies": [
            "azurerm_resource_group.Rg11",
            "azurerm_virtual_network.vnet"
          ]
        }
      ]
    },
    {
      "mode": "managed",
      "type": "azurerm_subnet",
      "name": "subnet2",
      "provider": "provider[\"registry.terraform.io/hashicorp/azurerm\"]",
      "instances": [
        {
          "schema_version": 0,
          "attributes": {
            "address_prefixes": [
              "10.1.2.0/24"
            ],
            "delegation": [],
            "enforce_private_link_endpoint_network_policies": false,
            "enforce_private_link_service_network_policies": false,
            "id": "/subscriptions/fc843062-d48e-4f02-b2a0-e1dc14d32e6b/resourceGroups/Rg-11/providers/Microsoft.Network/virtualNetworks/vnet01/subnets/sub2",
            "name": "sub2",
            "private_endpoint_network_policies_enabled": true,
            "private_link_service_network_policies_enabled": true,
            "resource_group_name": "Rg-11",
            "service_endpoint_policy_ids": [],
            "service_endpoints": [],
            "timeouts": null,
            "virtual_network_name": "vnet01"
          },
          "sensitive_attributes": [],
          "private": "eyJlMmJmYjczMC1lY2FhLTExZTYtOGY4OC0zNDM2M2JjN2M0YzAiOnsiY3JlYXRlIjoxODAwMDAwMDAwMDAwLCJkZWxldGUiOjE4MDAwMDAwMDAwMDAsInJlYWQiOjMwMDAwMDAwMDAwMCwidXBkYXRlIjoxODAwMDAwMDAwMDAwfX0=",
          "dependencies": [
            "azurerm_resource_group.Rg11",
            "azurerm_virtual_network.vnet"
          ]
        }
      ]
    },
    {
      "mode": "managed",
      "type": "azurerm_subnet_network_security_group_association",
      "name": "example",
      "provider": "provider[\"registry.terraform.io/hashicorp/azurerm\"]",
      "instances": [
        {
          "schema_version": 0,
          "attributes": {
            "id": "/subscriptions/fc843062-d48e-4f02-b2a0-e1dc14d32e6b/resourceGroups/Rg-11/providers/Microsoft.Network/virtualNetworks/vnet01/subnets/sub1",
            "network_security_group_id": "/subscriptions/fc843062-d48e-4f02-b2a0-e1dc14d32e6b/resourceGroups/Rg-11/providers/Microsoft.Network/networkSecurityGroups/vm-nsg",
            "subnet_id": "/subscriptions/fc843062-d48e-4f02-b2a0-e1dc14d32e6b/resourceGroups/Rg-11/providers/Microsoft.Network/virtualNetworks/vnet01/subnets/sub1",
            "timeouts": null
          },
          "sensitive_attributes": [],
          "private": "eyJlMmJmYjczMC1lY2FhLTExZTYtOGY4OC0zNDM2M2JjN2M0YzAiOnsiY3JlYXRlIjoxODAwMDAwMDAwMDAwLCJkZWxldGUiOjE4MDAwMDAwMDAwMDAsInJlYWQiOjMwMDAwMDAwMDAwMH19",
          "dependencies": [
            "azurerm_network_interface.nic",
            "azurerm_network_security_group.NSG",
            "azurerm_public_ip.public",
            "azurerm_resource_group.Rg11",
            "azurerm_subnet.subnet1",
            "azurerm_virtual_network.vnet"
          ]
        }
      ]
    },
    {
      "mode": "managed",
      "type": "azurerm_subnet_network_security_group_association",
      "name": "example2",
      "provider": "provider[\"registry.terraform.io/hashicorp/azurerm\"]",
      "instances": [
        {
          "schema_version": 0,
          "attributes": {
            "id": "/subscriptions/fc843062-d48e-4f02-b2a0-e1dc14d32e6b/resourceGroups/Rg-11/providers/Microsoft.Network/virtualNetworks/vnet01/subnets/sub2",
            "network_security_group_id": "/subscriptions/fc843062-d48e-4f02-b2a0-e1dc14d32e6b/resourceGroups/Rg-11/providers/Microsoft.Network/networkSecurityGroups/vm-nsg",
            "subnet_id": "/subscriptions/fc843062-d48e-4f02-b2a0-e1dc14d32e6b/resourceGroups/Rg-11/providers/Microsoft.Network/virtualNetworks/vnet01/subnets/sub2",
            "timeouts": null
          },
          "sensitive_attributes": [],
          "private": "eyJlMmJmYjczMC1lY2FhLTExZTYtOGY4OC0zNDM2M2JjN2M0YzAiOnsiY3JlYXRlIjoxODAwMDAwMDAwMDAwLCJkZWxldGUiOjE4MDAwMDAwMDAwMDAsInJlYWQiOjMwMDAwMDAwMDAwMH19",
          "dependencies": [
            "azurerm_network_interface.nic",
            "azurerm_network_security_group.NSG",
            "azurerm_public_ip.public",
            "azurerm_resource_group.Rg11",
            "azurerm_subnet.subnet1",
            "azurerm_subnet.subnet2",
            "azurerm_subnet_network_security_group_association.example",
            "azurerm_virtual_network.vnet"
          ]
        }
      ]
    },
    {
      "mode": "managed",
      "type": "azurerm_virtual_network",
      "name": "vnet",
      "provider": "provider[\"registry.terraform.io/hashicorp/azurerm\"]",
      "instances": [
        {
          "schema_version": 0,
          "attributes": {
            "address_space": [
              "10.1.0.0/16"
            ],
            "bgp_community": "",
            "ddos_protection_plan": [],
            "dns_servers": [],
            "edge_zone": "",
            "encryption": [],
            "flow_timeout_in_minutes": 0,
            "guid": "ff7b5b07-658e-4b97-b5ed-ce64df676b17",
            "id": "/subscriptions/fc843062-d48e-4f02-b2a0-e1dc14d32e6b/resourceGroups/Rg-11/providers/Microsoft.Network/virtualNetworks/vnet01",
            "location": "eastus",
            "name": "vnet01",
            "resource_group_name": "Rg-11",
            "subnet": [
              {
                "address_prefix": "10.1.1.0/24",
                "id": "/subscriptions/fc843062-d48e-4f02-b2a0-e1dc14d32e6b/resourceGroups/Rg-11/providers/Microsoft.Network/virtualNetworks/vnet01/subnets/sub1",
                "name": "sub1",
                "security_group": "/subscriptions/fc843062-d48e-4f02-b2a0-e1dc14d32e6b/resourceGroups/Rg-11/providers/Microsoft.Network/networkSecurityGroups/vm-nsg"
              },
              {
                "address_prefix": "10.1.2.0/24",
                "id": "/subscriptions/fc843062-d48e-4f02-b2a0-e1dc14d32e6b/resourceGroups/Rg-11/providers/Microsoft.Network/virtualNetworks/vnet01/subnets/sub2",
                "name": "sub2",
                "security_group": "/subscriptions/fc843062-d48e-4f02-b2a0-e1dc14d32e6b/resourceGroups/Rg-11/providers/Microsoft.Network/networkSecurityGroups/vm-nsg"
              }
            ],
            "tags": {},
            "timeouts": null
          },
          "sensitive_attributes": [],
          "private": "eyJlMmJmYjczMC1lY2FhLTExZTYtOGY4OC0zNDM2M2JjN2M0YzAiOnsiY3JlYXRlIjoxODAwMDAwMDAwMDAwLCJkZWxldGUiOjE4MDAwMDAwMDAwMDAsInJlYWQiOjMwMDAwMDAwMDAwMCwidXBkYXRlIjoxODAwMDAwMDAwMDAwfX0=",
          "dependencies": [
            "azurerm_resource_group.Rg11"
          ]
        }
      ]
    }
  ],
  "check_results": null
}
